
Microsoft Visual Studio Solution File, Format Version 12.00
# Visual Studio Version 17
VisualStudioVersion = 17.14.36705.20 d17.14
MinimumVisualStudioVersion = 10.0.40219.1
Project("{FAE04EC0-301F-11D3-BF4B-00C04F79EFBC}") = "Maui001Crud", "Maui001Crud\Maui001Crud.csproj", "{CD646DDE-0AA1-4E54-8881-3CA6E727D1CD}"
EndProject
Project("{FAE04EC0-301F-11D3-BF4B-00C04F79EFBC}") = "B007Clases", "..\..\..\Blazor\B007Crud\B007Clases\B007Clases.csproj", "{E622467C-6FE4-82E7-254D-F9A173DFA1C9}"
EndProject
Global
	GlobalSection(SolutionConfigurationPlatforms) = preSolution
		Debug|Any CPU = Debug|Any CPU
		Release|Any CPU = Release|Any CPU
	EndGlobalSection
	GlobalSection(ProjectConfigurationPlatforms) = postSolution
		{CD646DDE-0AA1-4E54-8881-3CA6E727D1CD}.Debug|Any CPU.ActiveCfg = Debug|Any CPU
		{CD646DDE-0AA1-4E54-8881-3CA6E727D1CD}.Debug|Any CPU.Build.0 = Debug|Any CPU
		{CD646DDE-0AA1-4E54-8881-3CA6E727D1CD}.Debug|Any CPU.Deploy.0 = Debug|Any CPU
		{CD646DDE-0AA1-4E54-8881-3CA6E727D1CD}.Release|Any CPU.ActiveCfg = Release|Any CPU
		{CD646DDE-0AA1-4E54-8881-3CA6E727D1CD}.Release|Any CPU.Build.0 = Release|Any CPU
		{E622467C-6FE4-82E7-254D-F9A173DFA1C9}.Debug|Any CPU.ActiveCfg = Debug|Any CPU
		{E622467C-6FE4-82E7-254D-F9A173DFA1C9}.Debug|Any CPU.Build.0 = Debug|Any CPU
		{E622467C-6FE4-82E7-254D-F9A173DFA1C9}.Release|Any CPU.ActiveCfg = Release|Any CPU
		{E622467C-6FE4-82E7-254D-F9A173DFA1C9}.Release|Any CPU.Build.0 = Release|Any CPU
	EndGlobalSection
	GlobalSection(SolutionProperties) = preSolution
		HideSolutionNode = FALSE
	EndGlobalSection
	GlobalSection(ExtensibilityGlobals) = postSolution
		SolutionGuid = {5784858B-8F03-48D8-B17D-A9745B4BE755}
	EndGlobalSection
EndGlobal
